PODS:
  - GoogleMaterialIconFont (0.4.0)

DEPENDENCIES:
  - GoogleMaterialIconFont (from `../`)

EXTERNAL SOURCES:
  GoogleMaterialIconFont:
    :path: "../"

SPEC CHECKSUMS:
  GoogleMaterialIconFont: 2ef348f2367b8db79e50e2501631a6dc4044c17d

PODFILE CHECKSUM: 11522022f0c019b0ab2d03f5bfe749322b71390d

COCOAPODS: 1.1.0.rc.2
