PODS:
  - GoogleMaterialIconFont (0.4.0)

DEPENDENCIES:
  - GoogleMaterialIconFont (from `../`)

EXTERNAL SOURCES:
  GoogleMaterialIconFont:
    :path: ../

SPEC CHECKSUMS:
  GoogleMaterialIconFont: 2ef348f2367b8db79e50e2501631a6dc4044c17d

PODFILE CHECKSUM: c6cb0e473c362110fdf63776f7ac87cafdf4e1b8

COCOAPODS: 1.0.0
