PODS:
  - GoogleMaterialIconFont (0.5.0)

DEPENDENCIES:
  - GoogleMaterialIconFont (from `../`)

EXTERNAL SOURCES:
  GoogleMaterialIconFont:
    :path: "../"

SPEC CHECKSUMS:
  GoogleMaterialIconFont: 10f52140f07f41d14146e80a773144fa452e5b5d

PODFILE CHECKSUM: 11522022f0c019b0ab2d03f5bfe749322b71390d

COCOAPODS: 1.1.0.rc.2
